
Microsoft Visual Studio Solution File, Format Version 12.00
# Visual Studio Version 16
VisualStudioVersion = 16.0.30114.105
MinimumVisualStudioVersion = 10.0.40219.1
Project("{9A19103F-16F7-4668-BE54-9A1E7A4F7556}") = "LegacyCalculator", "LegacyCalculator\LegacyCalculator.csproj", "{547EFB3C-23AD-4335-B453-521DAB592BD8}"
EndProject
Project("{9A19103F-16F7-4668-BE54-9A1E7A4F7556}") = "LegacyCalculator.Tests", "LegacyCalculator.Tests\LegacyCalculator.Tests.csproj", "{4A1F802B-CA45-4C1D-AA30-ADD71C25B90A}"
EndProject
Global
	GlobalSection(SolutionConfigurationPlatforms) = preSolution
		Debug|Any CPU = Debug|Any CPU
		Debug|x64 = Debug|x64
		Debug|x86 = Debug|x86
		Release|Any CPU = Release|Any CPU
		Release|x64 = Release|x64
		Release|x86 = Release|x86
	EndGlobalSection
	GlobalSection(ProjectConfigurationPlatforms) = postSolution
		{547EFB3C-23AD-4335-B453-521DAB592BD8}.Debug|Any CPU.ActiveCfg = Debug|Any CPU
		{547EFB3C-23AD-4335-B453-521DAB592BD8}.Debug|Any CPU.Build.0 = Debug|Any CPU
		{547EFB3C-23AD-4335-B453-521DAB592BD8}.Debug|x64.ActiveCfg = Debug|Any CPU
		{547EFB3C-23AD-4335-B453-521DAB592BD8}.Debug|x64.Build.0 = Debug|Any CPU
		{547EFB3C-23AD-4335-B453-521DAB592BD8}.Debug|x86.ActiveCfg = Debug|Any CPU
		{547EFB3C-23AD-4335-B453-521DAB592BD8}.Debug|x86.Build.0 = Debug|Any CPU
		{547EFB3C-23AD-4335-B453-521DAB592BD8}.Release|Any CPU.ActiveCfg = Release|Any CPU
		{547EFB3C-23AD-4335-B453-521DAB592BD8}.Release|Any CPU.Build.0 = Release|Any CPU
		{547EFB3C-23AD-4335-B453-521DAB592BD8}.Release|x64.ActiveCfg = Release|Any CPU
		{547EFB3C-23AD-4335-B453-521DAB592BD8}.Release|x64.Build.0 = Release|Any CPU
		{547EFB3C-23AD-4335-B453-521DAB592BD8}.Release|x86.ActiveCfg = Release|Any CPU
		{547EFB3C-23AD-4335-B453-521DAB592BD8}.Release|x86.Build.0 = Release|Any CPU
		{4A1F802B-CA45-4C1D-AA30-ADD71C25B90A}.Debug|Any CPU.ActiveCfg = Debug|Any CPU
		{4A1F802B-CA45-4C1D-AA30-ADD71C25B90A}.Debug|Any CPU.Build.0 = Debug|Any CPU
		{4A1F802B-CA45-4C1D-AA30-ADD71C25B90A}.Debug|x64.ActiveCfg = Debug|Any CPU
		{4A1F802B-CA45-4C1D-AA30-ADD71C25B90A}.Debug|x64.Build.0 = Debug|Any CPU
		{4A1F802B-CA45-4C1D-AA30-ADD71C25B90A}.Debug|x86.ActiveCfg = Debug|Any CPU
		{4A1F802B-CA45-4C1D-AA30-ADD71C25B90A}.Debug|x86.Build.0 = Debug|Any CPU
		{4A1F802B-CA45-4C1D-AA30-ADD71C25B90A}.Release|Any CPU.ActiveCfg = Release|Any CPU
		{4A1F802B-CA45-4C1D-AA30-ADD71C25B90A}.Release|Any CPU.Build.0 = Release|Any CPU
		{4A1F802B-CA45-4C1D-AA30-ADD71C25B90A}.Release|x64.ActiveCfg = Release|Any CPU
		{4A1F802B-CA45-4C1D-AA30-ADD71C25B90A}.Release|x64.Build.0 = Release|Any CPU
		{4A1F802B-CA45-4C1D-AA30-ADD71C25B90A}.Release|x86.ActiveCfg = Release|Any CPU
		{4A1F802B-CA45-4C1D-AA30-ADD71C25B90A}.Release|x86.Build.0 = Release|Any CPU
	EndGlobalSection
	GlobalSection(SolutionProperties) = preSolution
		HideSolutionNode = FALSE
	EndGlobalSection
	GlobalSection(ExtensibilityGlobals) = postSolution
		SolutionGuid = {840CEE5A-F823-4A71-A586-5FDEFB5FAD0D}
	EndGlobalSection
EndGlobal
